
Microsoft Visual Studio Solution File, Format Version 12.00
# Visual Studio Version 17
VisualStudioVersion = 17.10.35122.118
MinimumVisualStudioVersion = 10.0.40219.1
Project("{FAE04EC0-301F-11D3-BF4B-00C04F79EFBC}") = "atop-plugin", "atop-plugin.csproj", "{9CE9C712-4624-4C11-86CF-BB1BA01BA017}"
EndProject
Global
	GlobalSection(SolutionConfigurationPlatforms) = preSolution
		Debug|Any CPU = Debug|Any CPU
		Release|Any CPU = Release|Any CPU
	EndGlobalSection
	GlobalSection(ProjectConfigurationPlatforms) = postSolution
		{9CE9C712-4624-4C11-86CF-BB1BA01BA017}.Debug|Any CPU.ActiveCfg = Debug|Any CPU
		{9CE9C712-4624-4C11-86CF-BB1BA01BA017}.Debug|Any CPU.Build.0 = Debug|Any CPU
		{9CE9C712-4624-4C11-86CF-BB1BA01BA017}.Release|Any CPU.ActiveCfg = Release|Any CPU
		{9CE9C712-4624-4C11-86CF-BB1BA01BA017}.Release|Any CPU.Build.0 = Release|Any CPU
	EndGlobalSection
	GlobalSection(SolutionProperties) = preSolution
		HideSolutionNode = FALSE
	EndGlobalSection
	GlobalSection(ExtensibilityGlobals) = postSolution
		SolutionGuid = {9C5EC494-5103-4CBF-A437-7F9532A6CE1B}
	EndGlobalSection
EndGlobal
